Microsoft Visual Studio Solution File, Format Version 12.00
# Visual Studio 15
VisualStudioVersion = 15.0.27004.2005
MinimumVisualStudioVersion = 15.0.26124.0
Project("{2150E333-8FDC-42A3-9474-1A3956D46DE8}") = "src", "src", "{F60508CB-3C38-442A-AB57-A3D6E9696DFC}"
EndProject
Project("{9A19103F-16F7-4668-BE54-9A1E7A4F7556}") = "Kralizek.AspNetCore.Metrics", "src\Kralizek.AspNetCore.Metrics\Kralizek.AspNetCore.Metrics.csproj", "{B994AD1A-1340-44D2-8F15-8CA773C575A6}"
EndProject
Project("{9A19103F-16F7-4668-BE54-9A1E7A4F7556}") = "Kralizek.AspNetCore.Metrics.CloudWatch", "src\Kralizek.AspNetCore.Metrics.CloudWatch\Kralizek.AspNetCore.Metrics.CloudWatch.csproj", "{79A82241-9900-482D-8CDB-B4B1D396D2C2}"
EndProject
Project("{9A19103F-16F7-4668-BE54-9A1E7A4F7556}") = "Kralizek.AspNetCore.Metrics.Collectors.Mvc", "src\Kralizek.AspNetCore.Metrics.Collectors.Mvc\Kralizek.AspNetCore.Metrics.Collectors.Mvc.csproj", "{EB247186-B8B7-471E-8C72-BB79A2685CFF}"
EndProject
Project("{9A19103F-16F7-4668-BE54-9A1E7A4F7556}") = "Kralizek.AspNetCore.Metrics.Abstractions", "src\Kralizek.AspNetCore.Metrics.Abstractions\Kralizek.AspNetCore.Metrics.Abstractions.csproj", "{135524B5-CBF9-43D3-A99C-9424926B8672}"
EndProject
Project("{2150E333-8FDC-42A3-9474-1A3956D46DE8}") = "samples", "samples", "{1C44A977-C23A-439D-9761-7101E8C48E3E}"
EndProject
Project("{9A19103F-16F7-4668-BE54-9A1E7A4F7556}") = "CloudWatchSample", "samples\CloudWatchSample\CloudWatchSample.csproj", "{6F0EBFE9-1A46-4BFB-B538-F9C4A1B9741C}"
EndProject
Project("{9A19103F-16F7-4668-BE54-9A1E7A4F7556}") = "Kralizek.AspNetCore.Metrics.Collectors.EC2", "src\Kralizek.AspNetCore.Metrics.Collectors.EC2\Kralizek.AspNetCore.Metrics.Collectors.EC2.csproj", "{69943773-78F5-4CDA-BDDC-B066B9CC34F4}"
EndProject
Project("{9A19103F-16F7-4668-BE54-9A1E7A4F7556}") = "MinimalCloudWatchSample", "samples\MinimalCloudWatchSample\MinimalCloudWatchSample.csproj", "{0F9110FB-41DA-4837-8A94-A215DECC86E5}"
EndProject
Project("{2150E333-8FDC-42A3-9474-1A3956D46DE8}") = "tests", "tests", "{24F8ED75-C925-4C9A-9394-0BAAD7858C3E}"
EndProject
Project("{9A19103F-16F7-4668-BE54-9A1E7A4F7556}") = "Metrics.Tests", "tests\Metrics.Tests\Metrics.Tests.csproj", "{7D84D71B-DBFA-466F-ADEE-11A239234EC2}"
EndProject
Project("{9A19103F-16F7-4668-BE54-9A1E7A4F7556}") = "Metrics.CloudWatch.Tests", "tests\Metrics.CloudWatch.Tests\Metrics.CloudWatch.Tests.csproj", "{DF06D063-6215-4DC8-8A5A-D833613815E8}"
EndProject
Project("{9A19103F-16F7-4668-BE54-9A1E7A4F7556}") = "Metrics.Collectors.EC2.Tests", "tests\Metrics.Collectors.EC2.Tests\Metrics.Collectors.EC2.Tests.csproj", "{61E41BFA-9D3E-4DCF-A85C-9DFED82233FC}"
EndProject
Project("{9A19103F-16F7-4668-BE54-9A1E7A4F7556}") = "Metrics.Collectors.Mvc.Tests", "tests\Metrics.Collectors.Mvc.Tests\Metrics.Collectors.Mvc.Tests.csproj", "{A3CB3F94-B18B-46DE-BB7D-5EF2A2E7BE4D}"
EndProject
Project("{9A19103F-16F7-4668-BE54-9A1E7A4F7556}") = "TestBase.XUnit", "tests\TestBase.XUnit\TestBase.XUnit.csproj", "{7CFC8AFD-394C-49F0-9C51-2C93B25A770A}"
EndProject
Global
	GlobalSection(SolutionConfigurationPlatforms) = preSolution
		Debug|Any CPU = Debug|Any CPU
		Debug|x64 = Debug|x64
		Debug|x86 = Debug|x86
		Release|Any CPU = Release|Any CPU
		Release|x64 = Release|x64
		Release|x86 = Release|x86
	EndGlobalSection
	GlobalSection(ProjectConfigurationPlatforms) = postSolution
		{B994AD1A-1340-44D2-8F15-8CA773C575A6}.Debug|Any CPU.ActiveCfg = Debug|Any CPU
		{B994AD1A-1340-44D2-8F15-8CA773C575A6}.Debug|Any CPU.Build.0 = Debug|Any CPU
		{B994AD1A-1340-44D2-8F15-8CA773C575A6}.Debug|x64.ActiveCfg = Debug|Any CPU
		{B994AD1A-1340-44D2-8F15-8CA773C575A6}.Debug|x64.Build.0 = Debug|Any CPU
		{B994AD1A-1340-44D2-8F15-8CA773C575A6}.Debug|x86.ActiveCfg = Debug|Any CPU
		{B994AD1A-1340-44D2-8F15-8CA773C575A6}.Debug|x86.Build.0 = Debug|Any CPU
		{B994AD1A-1340-44D2-8F15-8CA773C575A6}.Release|Any CPU.ActiveCfg = Release|Any CPU
		{B994AD1A-1340-44D2-8F15-8CA773C575A6}.Release|Any CPU.Build.0 = Release|Any CPU
		{B994AD1A-1340-44D2-8F15-8CA773C575A6}.Release|x64.ActiveCfg = Release|Any CPU
		{B994AD1A-1340-44D2-8F15-8CA773C575A6}.Release|x64.Build.0 = Release|Any CPU
		{B994AD1A-1340-44D2-8F15-8CA773C575A6}.Release|x86.ActiveCfg = Release|Any CPU
		{B994AD1A-1340-44D2-8F15-8CA773C575A6}.Release|x86.Build.0 = Release|Any CPU
		{79A82241-9900-482D-8CDB-B4B1D396D2C2}.Debug|Any CPU.ActiveCfg = Debug|Any CPU
		{79A82241-9900-482D-8CDB-B4B1D396D2C2}.Debug|Any CPU.Build.0 = Debug|Any CPU
		{79A82241-9900-482D-8CDB-B4B1D396D2C2}.Debug|x64.ActiveCfg = Debug|Any CPU
		{79A82241-9900-482D-8CDB-B4B1D396D2C2}.Debug|x64.Build.0 = Debug|Any CPU
		{79A82241-9900-482D-8CDB-B4B1D396D2C2}.Debug|x86.ActiveCfg = Debug|Any CPU
		{79A82241-9900-482D-8CDB-B4B1D396D2C2}.Debug|x86.Build.0 = Debug|Any CPU
		{79A82241-9900-482D-8CDB-B4B1D396D2C2}.Release|Any CPU.ActiveCfg = Release|Any CPU
		{79A82241-9900-482D-8CDB-B4B1D396D2C2}.Release|Any CPU.Build.0 = Release|Any CPU
		{79A82241-9900-482D-8CDB-B4B1D396D2C2}.Release|x64.ActiveCfg = Release|Any CPU
		{79A82241-9900-482D-8CDB-B4B1D396D2C2}.Release|x64.Build.0 = Release|Any CPU
		{79A82241-9900-482D-8CDB-B4B1D396D2C2}.Release|x86.ActiveCfg = Release|Any CPU
		{79A82241-9900-482D-8CDB-B4B1D396D2C2}.Release|x86.Build.0 = Release|Any CPU
		{EB247186-B8B7-471E-8C72-BB79A2685CFF}.Debug|Any CPU.ActiveCfg = Debug|Any CPU
		{EB247186-B8B7-471E-8C72-BB79A2685CFF}.Debug|Any CPU.Build.0 = Debug|Any CPU
		{EB247186-B8B7-471E-8C72-BB79A2685CFF}.Debug|x64.ActiveCfg = Debug|Any CPU
		{EB247186-B8B7-471E-8C72-BB79A2685CFF}.Debug|x64.Build.0 = Debug|Any CPU
		{EB247186-B8B7-471E-8C72-BB79A2685CFF}.Debug|x86.ActiveCfg = Debug|Any CPU
		{EB247186-B8B7-471E-8C72-BB79A2685CFF}.Debug|x86.Build.0 = Debug|Any CPU
		{EB247186-B8B7-471E-8C72-BB79A2685CFF}.Release|Any CPU.ActiveCfg = Release|Any CPU
		{EB247186-B8B7-471E-8C72-BB79A2685CFF}.Release|Any CPU.Build.0 = Release|Any CPU
		{EB247186-B8B7-471E-8C72-BB79A2685CFF}.Release|x64.ActiveCfg = Release|Any CPU
		{EB247186-B8B7-471E-8C72-BB79A2685CFF}.Release|x64.Build.0 = Release|Any CPU
		{EB247186-B8B7-471E-8C72-BB79A2685CFF}.Release|x86.ActiveCfg = Release|Any CPU
		{EB247186-B8B7-471E-8C72-BB79A2685CFF}.Release|x86.Build.0 = Release|Any CPU
		{135524B5-CBF9-43D3-A99C-9424926B8672}.Debug|Any CPU.ActiveCfg = Debug|Any CPU
		{135524B5-CBF9-43D3-A99C-9424926B8672}.Debug|Any CPU.Build.0 = Debug|Any CPU
		{135524B5-CBF9-43D3-A99C-9424926B8672}.Debug|x64.ActiveCfg = Debug|Any CPU
		{135524B5-CBF9-43D3-A99C-9424926B8672}.Debug|x64.Build.0 = Debug|Any CPU
		{135524B5-CBF9-43D3-A99C-9424926B8672}.Debug|x86.ActiveCfg = Debug|Any CPU
		{135524B5-CBF9-43D3-A99C-9424926B8672}.Debug|x86.Build.0 = Debug|Any CPU
		{135524B5-CBF9-43D3-A99C-9424926B8672}.Release|Any CPU.ActiveCfg = Release|Any CPU
		{135524B5-CBF9-43D3-A99C-9424926B8672}.Release|Any CPU.Build.0 = Release|Any CPU
		{135524B5-CBF9-43D3-A99C-9424926B8672}.Release|x64.ActiveCfg = Release|Any CPU
		{135524B5-CBF9-43D3-A99C-9424926B8672}.Release|x64.Build.0 = Release|Any CPU
		{135524B5-CBF9-43D3-A99C-9424926B8672}.Release|x86.ActiveCfg = Release|Any CPU
		{135524B5-CBF9-43D3-A99C-9424926B8672}.Release|x86.Build.0 = Release|Any CPU
		{6F0EBFE9-1A46-4BFB-B538-F9C4A1B9741C}.Debug|Any CPU.ActiveCfg = Debug|Any CPU
		{6F0EBFE9-1A46-4BFB-B538-F9C4A1B9741C}.Debug|Any CPU.Build.0 = Debug|Any CPU
		{6F0EBFE9-1A46-4BFB-B538-F9C4A1B9741C}.Debug|x64.ActiveCfg = Debug|Any CPU
		{6F0EBFE9-1A46-4BFB-B538-F9C4A1B9741C}.Debug|x64.Build.0 = Debug|Any CPU
		{6F0EBFE9-1A46-4BFB-B538-F9C4A1B9741C}.Debug|x86.ActiveCfg = Debug|Any CPU
		{6F0EBFE9-1A46-4BFB-B538-F9C4A1B9741C}.Debug|x86.Build.0 = Debug|Any CPU
		{6F0EBFE9-1A46-4BFB-B538-F9C4A1B9741C}.Release|Any CPU.ActiveCfg = Release|Any CPU
		{6F0EBFE9-1A46-4BFB-B538-F9C4A1B9741C}.Release|Any CPU.Build.0 = Release|Any CPU
		{6F0EBFE9-1A46-4BFB-B538-F9C4A1B9741C}.Release|x64.ActiveCfg = Release|Any CPU
		{6F0EBFE9-1A46-4BFB-B538-F9C4A1B9741C}.Release|x64.Build.0 = Release|Any CPU
		{6F0EBFE9-1A46-4BFB-B538-F9C4A1B9741C}.Release|x86.ActiveCfg = Release|Any CPU
		{6F0EBFE9-1A46-4BFB-B538-F9C4A1B9741C}.Release|x86.Build.0 = Release|Any CPU
		{69943773-78F5-4CDA-BDDC-B066B9CC34F4}.Debug|Any CPU.ActiveCfg = Debug|Any CPU
		{69943773-78F5-4CDA-BDDC-B066B9CC34F4}.Debug|Any CPU.Build.0 = Debug|Any CPU
		{69943773-78F5-4CDA-BDDC-B066B9CC34F4}.Debug|x64.ActiveCfg = Debug|Any CPU
		{69943773-78F5-4CDA-BDDC-B066B9CC34F4}.Debug|x64.Build.0 = Debug|Any CPU
		{69943773-78F5-4CDA-BDDC-B066B9CC34F4}.Debug|x86.ActiveCfg = Debug|Any CPU
		{69943773-78F5-4CDA-BDDC-B066B9CC34F4}.Debug|x86.Build.0 = Debug|Any CPU
		{69943773-78F5-4CDA-BDDC-B066B9CC34F4}.Release|Any CPU.ActiveCfg = Release|Any CPU
		{69943773-78F5-4CDA-BDDC-B066B9CC34F4}.Release|Any CPU.Build.0 = Release|Any CPU
		{69943773-78F5-4CDA-BDDC-B066B9CC34F4}.Release|x64.ActiveCfg = Release|Any CPU
		{69943773-78F5-4CDA-BDDC-B066B9CC34F4}.Release|x64.Build.0 = Release|Any CPU
		{69943773-78F5-4CDA-BDDC-B066B9CC34F4}.Release|x86.ActiveCfg = Release|Any CPU
		{69943773-78F5-4CDA-BDDC-B066B9CC34F4}.Release|x86.Build.0 = Release|Any CPU
		{0F9110FB-41DA-4837-8A94-A215DECC86E5}.Debug|Any CPU.ActiveCfg = Debug|Any CPU
		{0F9110FB-41DA-4837-8A94-A215DECC86E5}.Debug|Any CPU.Build.0 = Debug|Any CPU
		{0F9110FB-41DA-4837-8A94-A215DECC86E5}.Debug|x64.ActiveCfg = Debug|Any CPU
		{0F9110FB-41DA-4837-8A94-A215DECC86E5}.Debug|x64.Build.0 = Debug|Any CPU
		{0F9110FB-41DA-4837-8A94-A215DECC86E5}.Debug|x86.ActiveCfg = Debug|Any CPU
		{0F9110FB-41DA-4837-8A94-A215DECC86E5}.Debug|x86.Build.0 = Debug|Any CPU
		{0F9110FB-41DA-4837-8A94-A215DECC86E5}.Release|Any CPU.ActiveCfg = Release|Any CPU
		{0F9110FB-41DA-4837-8A94-A215DECC86E5}.Release|Any CPU.Build.0 = Release|Any CPU
		{0F9110FB-41DA-4837-8A94-A215DECC86E5}.Release|x64.ActiveCfg = Release|Any CPU
		{0F9110FB-41DA-4837-8A94-A215DECC86E5}.Release|x64.Build.0 = Release|Any CPU
		{0F9110FB-41DA-4837-8A94-A215DECC86E5}.Release|x86.ActiveCfg = Release|Any CPU
		{0F9110FB-41DA-4837-8A94-A215DECC86E5}.Release|x86.Build.0 = Release|Any CPU
		{7D84D71B-DBFA-466F-ADEE-11A239234EC2}.Debug|Any CPU.ActiveCfg = Debug|Any CPU
		{7D84D71B-DBFA-466F-ADEE-11A239234EC2}.Debug|Any CPU.Build.0 = Debug|Any CPU
		{7D84D71B-DBFA-466F-ADEE-11A239234EC2}.Debug|x64.ActiveCfg = Debug|Any CPU
		{7D84D71B-DBFA-466F-ADEE-11A239234EC2}.Debug|x64.Build.0 = Debug|Any CPU
		{7D84D71B-DBFA-466F-ADEE-11A239234EC2}.Debug|x86.ActiveCfg = Debug|Any CPU
		{7D84D71B-DBFA-466F-ADEE-11A239234EC2}.Debug|x86.Build.0 = Debug|Any CPU
		{7D84D71B-DBFA-466F-ADEE-11A239234EC2}.Release|Any CPU.ActiveCfg = Release|Any CPU
		{7D84D71B-DBFA-466F-ADEE-11A239234EC2}.Release|Any CPU.Build.0 = Release|Any CPU
		{7D84D71B-DBFA-466F-ADEE-11A239234EC2}.Release|x64.ActiveCfg = Release|Any CPU
		{7D84D71B-DBFA-466F-ADEE-11A239234EC2}.Release|x64.Build.0 = Release|Any CPU
		{7D84D71B-DBFA-466F-ADEE-11A239234EC2}.Release|x86.ActiveCfg = Release|Any CPU
		{7D84D71B-DBFA-466F-ADEE-11A239234EC2}.Release|x86.Build.0 = Release|Any CPU
		{DF06D063-6215-4DC8-8A5A-D833613815E8}.Debug|Any CPU.ActiveCfg = Debug|Any CPU
		{DF06D063-6215-4DC8-8A5A-D833613815E8}.Debug|Any CPU.Build.0 = Debug|Any CPU
		{DF06D063-6215-4DC8-8A5A-D833613815E8}.Debug|x64.ActiveCfg = Debug|Any CPU
		{DF06D063-6215-4DC8-8A5A-D833613815E8}.Debug|x64.Build.0 = Debug|Any CPU
		{DF06D063-6215-4DC8-8A5A-D833613815E8}.Debug|x86.ActiveCfg = Debug|Any CPU
		{DF06D063-6215-4DC8-8A5A-D833613815E8}.Debug|x86.Build.0 = Debug|Any CPU
		{DF06D063-6215-4DC8-8A5A-D833613815E8}.Release|Any CPU.ActiveCfg = Release|Any CPU
		{DF06D063-6215-4DC8-8A5A-D833613815E8}.Release|Any CPU.Build.0 = Release|Any CPU
		{DF06D063-6215-4DC8-8A5A-D833613815E8}.Release|x64.ActiveCfg = Release|Any CPU
		{DF06D063-6215-4DC8-8A5A-D833613815E8}.Release|x64.Build.0 = Release|Any CPU
		{DF06D063-6215-4DC8-8A5A-D833613815E8}.Release|x86.ActiveCfg = Release|Any CPU
		{DF06D063-6215-4DC8-8A5A-D833613815E8}.Release|x86.Build.0 = Release|Any CPU
		{61E41BFA-9D3E-4DCF-A85C-9DFED82233FC}.Debug|Any CPU.ActiveCfg = Debug|Any CPU
		{61E41BFA-9D3E-4DCF-A85C-9DFED82233FC}.Debug|Any CPU.Build.0 = Debug|Any CPU
		{61E41BFA-9D3E-4DCF-A85C-9DFED82233FC}.Debug|x64.ActiveCfg = Debug|Any CPU
		{61E41BFA-9D3E-4DCF-A85C-9DFED82233FC}.Debug|x64.Build.0 = Debug|Any CPU
		{61E41BFA-9D3E-4DCF-A85C-9DFED82233FC}.Debug|x86.ActiveCfg = Debug|Any CPU
		{61E41BFA-9D3E-4DCF-A85C-9DFED82233FC}.Debug|x86.Build.0 = Debug|Any CPU
		{61E41BFA-9D3E-4DCF-A85C-9DFED82233FC}.Release|Any CPU.ActiveCfg = Release|Any CPU
		{61E41BFA-9D3E-4DCF-A85C-9DFED82233FC}.Release|Any CPU.Build.0 = Release|Any CPU
		{61E41BFA-9D3E-4DCF-A85C-9DFED82233FC}.Release|x64.ActiveCfg = Release|Any CPU
		{61E41BFA-9D3E-4DCF-A85C-9DFED82233FC}.Release|x64.Build.0 = Release|Any CPU
		{61E41BFA-9D3E-4DCF-A85C-9DFED82233FC}.Release|x86.ActiveCfg = Release|Any CPU
		{61E41BFA-9D3E-4DCF-A85C-9DFED82233FC}.Release|x86.Build.0 = Release|Any CPU
		{A3CB3F94-B18B-46DE-BB7D-5EF2A2E7BE4D}.Debug|Any CPU.ActiveCfg = Debug|Any CPU
		{A3CB3F94-B18B-46DE-BB7D-5EF2A2E7BE4D}.Debug|Any CPU.Build.0 = Debug|Any CPU
		{A3CB3F94-B18B-46DE-BB7D-5EF2A2E7BE4D}.Debug|x64.ActiveCfg = Debug|Any CPU
		{A3CB3F94-B18B-46DE-BB7D-5EF2A2E7BE4D}.Debug|x64.Build.0 = Debug|Any CPU
		{A3CB3F94-B18B-46DE-BB7D-5EF2A2E7BE4D}.Debug|x86.ActiveCfg = Debug|Any CPU
		{A3CB3F94-B18B-46DE-BB7D-5EF2A2E7BE4D}.Debug|x86.Build.0 = Debug|Any CPU
		{A3CB3F94-B18B-46DE-BB7D-5EF2A2E7BE4D}.Release|Any CPU.ActiveCfg = Release|Any CPU
		{A3CB3F94-B18B-46DE-BB7D-5EF2A2E7BE4D}.Release|Any CPU.Build.0 = Release|Any CPU
		{A3CB3F94-B18B-46DE-BB7D-5EF2A2E7BE4D}.Release|x64.ActiveCfg = Release|Any CPU
		{A3CB3F94-B18B-46DE-BB7D-5EF2A2E7BE4D}.Release|x64.Build.0 = Release|Any CPU
		{A3CB3F94-B18B-46DE-BB7D-5EF2A2E7BE4D}.Release|x86.ActiveCfg = Release|Any CPU
		{A3CB3F94-B18B-46DE-BB7D-5EF2A2E7BE4D}.Release|x86.Build.0 = Release|Any CPU
		{7CFC8AFD-394C-49F0-9C51-2C93B25A770A}.Debug|Any CPU.ActiveCfg = Debug|Any CPU
		{7CFC8AFD-394C-49F0-9C51-2C93B25A770A}.Debug|Any CPU.Build.0 = Debug|Any CPU
		{7CFC8AFD-394C-49F0-9C51-2C93B25A770A}.Debug|x64.ActiveCfg = Debug|Any CPU
		{7CFC8AFD-394C-49F0-9C51-2C93B25A770A}.Debug|x64.Build.0 = Debug|Any CPU
		{7CFC8AFD-394C-49F0-9C51-2C93B25A770A}.Debug|x86.ActiveCfg = Debug|Any CPU
		{7CFC8AFD-394C-49F0-9C51-2C93B25A770A}.Debug|x86.Build.0 = Debug|Any CPU
		{7CFC8AFD-394C-49F0-9C51-2C93B25A770A}.Release|Any CPU.ActiveCfg = Release|Any CPU
		{7CFC8AFD-394C-49F0-9C51-2C93B25A770A}.Release|Any CPU.Build.0 = Release|Any CPU
		{7CFC8AFD-394C-49F0-9C51-2C93B25A770A}.Release|x64.ActiveCfg = Release|Any CPU
		{7CFC8AFD-394C-49F0-9C51-2C93B25A770A}.Release|x64.Build.0 = Release|Any CPU
		{7CFC8AFD-394C-49F0-9C51-2C93B25A770A}.Release|x86.ActiveCfg = Release|Any CPU
		{7CFC8AFD-394C-49F0-9C51-2C93B25A770A}.Release|x86.Build.0 = Release|Any CPU
	EndGlobalSection
	GlobalSection(SolutionProperties) = preSolution
		HideSolutionNode = FALSE
	EndGlobalSection
	GlobalSection(NestedProjects) = preSolution
		{B994AD1A-1340-44D2-8F15-8CA773C575A6} = {F60508CB-3C38-442A-AB57-A3D6E9696DFC}
		{79A82241-9900-482D-8CDB-B4B1D396D2C2} = {F60508CB-3C38-442A-AB57-A3D6E9696DFC}
		{EB247186-B8B7-471E-8C72-BB79A2685CFF} = {F60508CB-3C38-442A-AB57-A3D6E9696DFC}
		{135524B5-CBF9-43D3-A99C-9424926B8672} = {F60508CB-3C38-442A-AB57-A3D6E9696DFC}
		{6F0EBFE9-1A46-4BFB-B538-F9C4A1B9741C} = {1C44A977-C23A-439D-9761-7101E8C48E3E}
		{69943773-78F5-4CDA-BDDC-B066B9CC34F4} = {F60508CB-3C38-442A-AB57-A3D6E9696DFC}
		{0F9110FB-41DA-4837-8A94-A215DECC86E5} = {1C44A977-C23A-439D-9761-7101E8C48E3E}
		{7D84D71B-DBFA-466F-ADEE-11A239234EC2} = {24F8ED75-C925-4C9A-9394-0BAAD7858C3E}
		{DF06D063-6215-4DC8-8A5A-D833613815E8} = {24F8ED75-C925-4C9A-9394-0BAAD7858C3E}
		{61E41BFA-9D3E-4DCF-A85C-9DFED82233FC} = {24F8ED75-C925-4C9A-9394-0BAAD7858C3E}
		{A3CB3F94-B18B-46DE-BB7D-5EF2A2E7BE4D} = {24F8ED75-C925-4C9A-9394-0BAAD7858C3E}
		{7CFC8AFD-394C-49F0-9C51-2C93B25A770A} = {24F8ED75-C925-4C9A-9394-0BAAD7858C3E}
	EndGlobalSection
	GlobalSection(ExtensibilityGlobals) = postSolution
		SolutionGuid = {D48A6D74-CCAF-4BCD-861C-D4EF9103C9BD}
	EndGlobalSection
EndGlobal
